
Microsoft Visual Studio Solution File, Format Version 12.00
# Visual Studio Version 17
VisualStudioVersion = 17.9.34622.214
MinimumVisualStudioVersion = 10.0.40219.1
Project("{FAE04EC0-301F-11D3-BF4B-00C04F79EFBC}") = "Gerador de RA", "Gerador de RA\Gerador de RA.csproj", "{ABE88FC8-36F2-49B9-9D47-31B0201AE099}"
EndProject
Global
	GlobalSection(SolutionConfigurationPlatforms) = preSolution
		Debug|Any CPU = Debug|Any CPU
		Release|Any CPU = Release|Any CPU
	EndGlobalSection
	GlobalSection(ProjectConfigurationPlatforms) = postSolution
		{ABE88FC8-36F2-49B9-9D47-31B0201AE099}.Debug|Any CPU.ActiveCfg = Debug|Any CPU
		{ABE88FC8-36F2-49B9-9D47-31B0201AE099}.Debug|Any CPU.Build.0 = Debug|Any CPU
		{ABE88FC8-36F2-49B9-9D47-31B0201AE099}.Release|Any CPU.ActiveCfg = Release|Any CPU
		{ABE88FC8-36F2-49B9-9D47-31B0201AE099}.Release|Any CPU.Build.0 = Release|Any CPU
	EndGlobalSection
	GlobalSection(SolutionProperties) = preSolution
		HideSolutionNode = FALSE
	EndGlobalSection
	GlobalSection(ExtensibilityGlobals) = postSolution
		SolutionGuid = {DCC5E9BA-01EF-4AE2-A7B8-AFD9AAF0A111}
	EndGlobalSection
EndGlobal
